
Microsoft Visual Studio Solution File, Format Version 12.00
# Visual Studio Version 16
VisualStudioVersion = 16.0.30002.166
MinimumVisualStudioVersion = 10.0.40219.1
Project("{FAE04EC0-301F-11D3-BF4B-00C04F79EFBC}") = "Snake", "Snake\Snake.csproj", "{EC4A0BF3-2609-4623-B7B0-2DBC92409B1B}"
EndProject
Global
	GlobalSection(SolutionConfigurationPlatforms) = preSolution
		Debug|Any CPU = Debug|Any CPU
		Release|Any CPU = Release|Any CPU
	EndGlobalSection
	GlobalSection(ProjectConfigurationPlatforms) = postSolution
		{EC4A0BF3-2609-4623-B7B0-2DBC92409B1B}.Debug|Any CPU.ActiveCfg = Debug|Any CPU
		{EC4A0BF3-2609-4623-B7B0-2DBC92409B1B}.Debug|Any CPU.Build.0 = Debug|Any CPU
		{EC4A0BF3-2609-4623-B7B0-2DBC92409B1B}.Release|Any CPU.ActiveCfg = Release|Any CPU
		{EC4A0BF3-2609-4623-B7B0-2DBC92409B1B}.Release|Any CPU.Build.0 = Release|Any CPU
	EndGlobalSection
	GlobalSection(SolutionProperties) = preSolution
		HideSolutionNode = FALSE
	EndGlobalSection
	GlobalSection(ExtensibilityGlobals) = postSolution
		SolutionGuid = {C2EF89BC-A47D-4D02-8709-CC22E29C5354}
	EndGlobalSection
EndGlobal
